
Microsoft Visual Studio Solution File, Format Version 12.00
# Visual Studio Version 16
VisualStudioVersion = 16.0.32106.194
MinimumVisualStudioVersion = 10.0.40219.1
Project("{FAE04EC0-301F-11D3-BF4B-00C04F79EFBC}") = "StringandArrays", "StringandArrays\StringandArrays.csproj", "{F10E8ED6-1E71-4915-A3DD-26D22395B7F1}"
EndProject
Project("{FAE04EC0-301F-11D3-BF4B-00C04F79EFBC}") = "FirstOrLast", "FirstOrLast\FirstOrLast.csproj", "{BF93CD19-051A-44F0-BA51-69891B25A059}"
EndProject
Project("{FAE04EC0-301F-11D3-BF4B-00C04F79EFBC}") = "ACharacterCounter", "ACharacterCounter\ACharacterCounter.csproj", "{4D77C8EC-8459-4813-88B8-9942A361445F}"
EndProject
Project("{FAE04EC0-301F-11D3-BF4B-00C04F79EFBC}") = "HOLcounter", "HOLcounter\HOLcounter.csproj", "{DB994084-F275-44BF-9B4E-7AFA67BD8294}"
EndProject
Project("{FAE04EC0-301F-11D3-BF4B-00C04F79EFBC}") = "StringReverse", "StringReverse\StringReverse.csproj", "{60698B2D-69F6-4E85-B0E9-1E948646FCEA}"
EndProject
Project("{FAE04EC0-301F-11D3-BF4B-00C04F79EFBC}") = "ReverseHelloWorld", "ReverseHelloWorld\ReverseHelloWorld.csproj", "{A417A904-64AB-4FA2-AAC6-78987A94F4B6}"
EndProject
Project("{FAE04EC0-301F-11D3-BF4B-00C04F79EFBC}") = "StringReplace", "StringReplace\StringReplace.csproj", "{88939F1C-630B-4857-9530-EA2F7B536052}"
EndProject
Project("{FAE04EC0-301F-11D3-BF4B-00C04F79EFBC}") = "DontPanic", "DontPanic\DontPanic.csproj", "{9E78D713-3661-4115-88A5-BC984BEB0839}"
EndProject
Project("{FAE04EC0-301F-11D3-BF4B-00C04F79EFBC}") = "FruitArry", "FruitArry\FruitArry.csproj", "{F50FF4A8-80AC-46F7-B54B-E8D840204AEB}"
EndProject
Project("{FAE04EC0-301F-11D3-BF4B-00C04F79EFBC}") = "FortuneTeller", "FortuneTeller\FortuneTeller.csproj", "{506D4A57-265E-46E4-823A-A9ECE451C29C}"
EndProject
Global
	GlobalSection(SolutionConfigurationPlatforms) = preSolution
		Debug|Any CPU = Debug|Any CPU
		Release|Any CPU = Release|Any CPU
	EndGlobalSection
	GlobalSection(ProjectConfigurationPlatforms) = postSolution
		{F10E8ED6-1E71-4915-A3DD-26D22395B7F1}.Debug|Any CPU.ActiveCfg = Debug|Any CPU
		{F10E8ED6-1E71-4915-A3DD-26D22395B7F1}.Debug|Any CPU.Build.0 = Debug|Any CPU
		{F10E8ED6-1E71-4915-A3DD-26D22395B7F1}.Release|Any CPU.ActiveCfg = Release|Any CPU
		{F10E8ED6-1E71-4915-A3DD-26D22395B7F1}.Release|Any CPU.Build.0 = Release|Any CPU
		{BF93CD19-051A-44F0-BA51-69891B25A059}.Debug|Any CPU.ActiveCfg = Debug|Any CPU
		{BF93CD19-051A-44F0-BA51-69891B25A059}.Debug|Any CPU.Build.0 = Debug|Any CPU
		{BF93CD19-051A-44F0-BA51-69891B25A059}.Release|Any CPU.ActiveCfg = Release|Any CPU
		{BF93CD19-051A-44F0-BA51-69891B25A059}.Release|Any CPU.Build.0 = Release|Any CPU
		{4D77C8EC-8459-4813-88B8-9942A361445F}.Debug|Any CPU.ActiveCfg = Debug|Any CPU
		{4D77C8EC-8459-4813-88B8-9942A361445F}.Debug|Any CPU.Build.0 = Debug|Any CPU
		{4D77C8EC-8459-4813-88B8-9942A361445F}.Release|Any CPU.ActiveCfg = Release|Any CPU
		{4D77C8EC-8459-4813-88B8-9942A361445F}.Release|Any CPU.Build.0 = Release|Any CPU
		{DB994084-F275-44BF-9B4E-7AFA67BD8294}.Debug|Any CPU.ActiveCfg = Debug|Any CPU
		{DB994084-F275-44BF-9B4E-7AFA67BD8294}.Debug|Any CPU.Build.0 = Debug|Any CPU
		{DB994084-F275-44BF-9B4E-7AFA67BD8294}.Release|Any CPU.ActiveCfg = Release|Any CPU
		{DB994084-F275-44BF-9B4E-7AFA67BD8294}.Release|Any CPU.Build.0 = Release|Any CPU
		{60698B2D-69F6-4E85-B0E9-1E948646FCEA}.Debug|Any CPU.ActiveCfg = Debug|Any CPU
		{60698B2D-69F6-4E85-B0E9-1E948646FCEA}.Debug|Any CPU.Build.0 = Debug|Any CPU
		{60698B2D-69F6-4E85-B0E9-1E948646FCEA}.Release|Any CPU.ActiveCfg = Release|Any CPU
		{60698B2D-69F6-4E85-B0E9-1E948646FCEA}.Release|Any CPU.Build.0 = Release|Any CPU
		{A417A904-64AB-4FA2-AAC6-78987A94F4B6}.Debug|Any CPU.ActiveCfg = Debug|Any CPU
		{A417A904-64AB-4FA2-AAC6-78987A94F4B6}.Debug|Any CPU.Build.0 = Debug|Any CPU
		{A417A904-64AB-4FA2-AAC6-78987A94F4B6}.Release|Any CPU.ActiveCfg = Release|Any CPU
		{A417A904-64AB-4FA2-AAC6-78987A94F4B6}.Release|Any CPU.Build.0 = Release|Any CPU
		{88939F1C-630B-4857-9530-EA2F7B536052}.Debug|Any CPU.ActiveCfg = Debug|Any CPU
		{88939F1C-630B-4857-9530-EA2F7B536052}.Debug|Any CPU.Build.0 = Debug|Any CPU
		{88939F1C-630B-4857-9530-EA2F7B536052}.Release|Any CPU.ActiveCfg = Release|Any CPU
		{88939F1C-630B-4857-9530-EA2F7B536052}.Release|Any CPU.Build.0 = Release|Any CPU
		{9E78D713-3661-4115-88A5-BC984BEB0839}.Debug|Any CPU.ActiveCfg = Debug|Any CPU
		{9E78D713-3661-4115-88A5-BC984BEB0839}.Debug|Any CPU.Build.0 = Debug|Any CPU
		{9E78D713-3661-4115-88A5-BC984BEB0839}.Release|Any CPU.ActiveCfg = Release|Any CPU
		{9E78D713-3661-4115-88A5-BC984BEB0839}.Release|Any CPU.Build.0 = Release|Any CPU
		{F50FF4A8-80AC-46F7-B54B-E8D840204AEB}.Debug|Any CPU.ActiveCfg = Debug|Any CPU
		{F50FF4A8-80AC-46F7-B54B-E8D840204AEB}.Debug|Any CPU.Build.0 = Debug|Any CPU
		{F50FF4A8-80AC-46F7-B54B-E8D840204AEB}.Release|Any CPU.ActiveCfg = Release|Any CPU
		{F50FF4A8-80AC-46F7-B54B-E8D840204AEB}.Release|Any CPU.Build.0 = Release|Any CPU
		{506D4A57-265E-46E4-823A-A9ECE451C29C}.Debug|Any CPU.ActiveCfg = Debug|Any CPU
		{506D4A57-265E-46E4-823A-A9ECE451C29C}.Debug|Any CPU.Build.0 = Debug|Any CPU
		{506D4A57-265E-46E4-823A-A9ECE451C29C}.Release|Any CPU.ActiveCfg = Release|Any CPU
		{506D4A57-265E-46E4-823A-A9ECE451C29C}.Release|Any CPU.Build.0 = Release|Any CPU
	EndGlobalSection
	GlobalSection(SolutionProperties) = preSolution
		HideSolutionNode = FALSE
	EndGlobalSection
	GlobalSection(ExtensibilityGlobals) = postSolution
		SolutionGuid = {A77425C2-6B96-421E-B01E-6221C3D553B3}
	EndGlobalSection
EndGlobal
